
Microsoft Visual Studio Solution File, Format Version 12.00
# Visual Studio Version 17
VisualStudioVersion = 17.1.32210.238
MinimumVisualStudioVersion = 10.0.40219.1
Project("{9A19103F-16F7-4668-BE54-9A1E7A4F7556}") = "ConsoleApp1", "ConsoleApp1\ConsoleApp1.csproj", "{1E0AB4CF-4E51-4F8E-8D43-9243A57AF776}"
EndProject
Global
	GlobalSection(SolutionConfigurationPlatforms) = preSolution
		Debug|Any CPU = Debug|Any CPU
		Release|Any CPU = Release|Any CPU
	EndGlobalSection
	GlobalSection(ProjectConfigurationPlatforms) = postSolution
		{1E0AB4CF-4E51-4F8E-8D43-9243A57AF776}.Debug|Any CPU.ActiveCfg = Debug|Any CPU
		{1E0AB4CF-4E51-4F8E-8D43-9243A57AF776}.Debug|Any CPU.Build.0 = Debug|Any CPU
		{1E0AB4CF-4E51-4F8E-8D43-9243A57AF776}.Release|Any CPU.ActiveCfg = Release|Any CPU
		{1E0AB4CF-4E51-4F8E-8D43-9243A57AF776}.Release|Any CPU.Build.0 = Release|Any CPU
	EndGlobalSection
	GlobalSection(SolutionProperties) = preSolution
		HideSolutionNode = FALSE
	EndGlobalSection
	GlobalSection(ExtensibilityGlobals) = postSolution
		SolutionGuid = {54B1017D-58CD-41CD-9A42-9095E0AEFBE1}
	EndGlobalSection
EndGlobal
